<?xml version="1.0" encoding="utf-8"?>
<Project ToolsVersion="4.0" xmlns="http://schemas.microsoft.com/developer/msbuild/2003">
  <ItemGroup>
    <Filter Include="Исходные файлы">
      <UniqueIdentifier>{4FC737F1-C7A5-4376-A066-2A32D752A2FF}</UniqueIdentifier>
      <Extensions>cpp;c;cc;cxx;c++;cppm;ixx;def;odl;idl;hpj;bat;asm;asmx</Extensions>
    </Filter>
    <Filter Include="Файлы заголовков">
      <UniqueIdentifier>{93995380-89BD-4b04-88EB-625FBE52EBFB}</UniqueIdentifier>
      <Extensions>h;hh;hpp;hxx;h++;hm;inl;inc;ipp;xsd</Extensions>
    </Filter>
    <Filter Include="Файлы ресурсов">
      <UniqueIdentifier>{67DA6AB6-F800-4c08-8B7A-83BB121AAD01}</UniqueIdentifier>
      <Extensions>rc;ico;cur;bmp;dlg;rc2;rct;bin;rgs;gif;jpg;jpeg;jpe;resx;tiff;tif;png;wav;mfcribbon-ms</Extensions>
    </Filter>
    <Filter Include="Исходные файлы\Models">
      <UniqueIdentifier>{17f19905-5654-4423-8230-6860e159a2d7}</UniqueIdentifier>
    </Filter>
    <Filter Include="Исходные файлы\Utilities">
      <UniqueIdentifier>{0bfa1dac-d01c-4139-9975-50376aeeb6b8}</UniqueIdentifier>
    </Filter>
    <Filter Include="Исходные файлы\Loot">
      <UniqueIdentifier>{13973815-2641-46c7-a945-3eb5676a2df6}</UniqueIdentifier>
    </Filter>
  </ItemGroup>
  <ItemGroup>
    <ClCompile Include="main.cpp">
      <Filter>Исходные файлы</Filter>
    </ClCompile>
    <ClCompile Include="Game.cpp">
      <Filter>Исходные файлы</Filter>
    </ClCompile>
    <ClCompile Include="Input.cpp">
      <Filter>Исходные файлы\Utilities</Filter>
    </ClCompile>
    <ClCompile Include="Room.cpp">
      <Filter>Исходные файлы\Models</Filter>
    </ClCompile>
    <ClCompile Include="Utils.cpp">
      <Filter>Исходные файлы\Utilities</Filter>
    </ClCompile>
  </ItemGroup>
  <ItemGroup>
    <ClInclude Include="Game.h">
      <Filter>Исходные файлы</Filter>
    </ClInclude>
    <ClInclude Include="Character.h">
      <Filter>Исходные файлы\Models</Filter>
    </ClInclude>
    <ClInclude Include="Directions.h">
      <Filter>Исходные файлы\Utilities</Filter>
    </ClInclude>
    <ClInclude Include="Function.h">
      <Filter>Исходные файлы\Utilities</Filter>
    </ClInclude>
    <ClInclude Include="Input.h">
      <Filter>Исходные файлы\Utilities</Filter>
    </ClInclude>
    <ClInclude Include="Inventory.h">
      <Filter>Исходные файлы\Loot</Filter>
    </ClInclude>
    <ClInclude Include="Item.h">
      <Filter>Исходные файлы\Models</Filter>
    </ClInclude>
    <ClInclude Include="Room.h">
      <Filter>Исходные файлы\Models</Filter>
    </ClInclude>
    <ClInclude Include="Squad.h">
      <Filter>Исходные файлы\Loot</Filter>
    </ClInclude>
    <ClInclude Include="Utils.h">
      <Filter>Исходные файлы\Utilities</Filter>
    </ClInclude>
  </ItemGroup>
</Project>